
Microsoft Visual Studio Solution File, Format Version 12.00
# Visual Studio Version 16
VisualStudioVersion = 16.0.31727.386
MinimumVisualStudioVersion = 10.0.40219.1
Project("{FAE04EC0-301F-11D3-BF4B-00C04F79EFBC}") = "WinFormsApp1", "WinFormsApp1.csproj", "{674A0E98-6549-4148-BAE9-220AB6AE1630}"
EndProject
Global
	GlobalSection(SolutionConfigurationPlatforms) = preSolution
		Debug|Any CPU = Debug|Any CPU
		Release|Any CPU = Release|Any CPU
	EndGlobalSection
	GlobalSection(ProjectConfigurationPlatforms) = postSolution
		{674A0E98-6549-4148-BAE9-220AB6AE1630}.Debug|Any CPU.ActiveCfg = Debug|Any CPU
		{674A0E98-6549-4148-BAE9-220AB6AE1630}.Debug|Any CPU.Build.0 = Debug|Any CPU
		{674A0E98-6549-4148-BAE9-220AB6AE1630}.Release|Any CPU.ActiveCfg = Release|Any CPU
		{674A0E98-6549-4148-BAE9-220AB6AE1630}.Release|Any CPU.Build.0 = Release|Any CPU
	EndGlobalSection
	GlobalSection(SolutionProperties) = preSolution
		HideSolutionNode = FALSE
	EndGlobalSection
	GlobalSection(ExtensibilityGlobals) = postSolution
		SolutionGuid = {CA5DAD9A-B9D0-4C53-866A-D8A1408CA5BF}
	EndGlobalSection
EndGlobal
